# cache-name|build-source-repository|commit-sha|friendly-ref|optional-runtime-cache-key
#
# Commit SHAs are intentionally immutable. update-actions.ps1 resolves a reviewed
# tag to its current SHA and rewrites this file before a pull request is merged.
# The initial SHAs must be refreshed by the update workflow before production use.
actions-checkout@v4|https://github.com/actions/checkout.git|11bd71901bbe5b1630ceea73d27597364c9af683|v4.2.2
actions-cache@v4|https://github.com/actions/cache.git|5a3ec84eff668545956fd18022155c47e93e2684|v4.2.3
actions-upload-artifact@v4|https://github.com/actions/upload-artifact.git|ea165f8d65b6e75b540449e92b4886f43607fa02|v4.6.2
actions-download-artifact@v4|https://github.com/actions/download-artifact.git|d3f86a106a0bac45b974a628896c90dbdf5c8093|v4.3.0
actions-setup-node@v4|https://github.com/actions/setup-node.git|0a44ba7841725637a19e28fa30b79a866c81b0a6|v4.0.4
actions-setup-python@v5|https://github.com/actions/setup-python.git|42375524e23c412d93fb67b49958b491fce71c38|v5.4.0
actions-setup-java@v4|https://github.com/actions/setup-java.git|c5195efecf7bdfc987ee8bae7a71cb8b11521c00|v4.7.1
actions-setup-go@v5|https://github.com/actions/setup-go.git|0a12ed9d6a96ab950c8f026ed9f722fe0da7ef32|v5.0.2
actions-setup-dotnet@v4|https://github.com/actions/setup-dotnet.git|67a3573c9a986a3f9c594539f4ab511d57bb3ce9|v4.3.1
docker-login-action@v3|https://github.com/docker/login-action.git|74a5d142397b4f367a81961eba4e8cd7edddf772|v3.4.0
docker-setup-buildx-action@v3|https://github.com/docker/setup-buildx-action.git|e468171a9de216ec08956ac3ada2f0791b6bd435|v3.11.1
docker-build-push-action@v6|https://github.com/docker/build-push-action.git|263435318d21b8e681c14492fe198d362a7d2c83|v6.18.0
docker-metadata-action@v5|https://github.com/docker/metadata-action.git|c1e51972afc2121e065aed6d45c65596fe445f3f|v5.8.0
actions-github-script@v7|https://github.com/actions/github-script.git|60a0d83039c74a4aee543508d2ffcb1c3799cdea|v7.0.1
astral-sh-setup-uv@v6|https://github.com/astral-sh/setup-uv.git|b75a909f75acd358c2196fb9a5f1299a9a8868a4|v6.7.0
pnpm-action-setup@v4|https://github.com/pnpm/action-setup.git|a7487c7e89a18df4991f7f222e4898a00d66ddda|v4.1.0
gradle-actions-setup-gradle@v4|https://github.com/gradle/actions.git|017a9effdb900e5b5b2fddfb590a105619dca3c3|v4.4.2
dtolnay-rust-toolchain@stable|https://github.com/dtolnay/rust-toolchain.git|4360b52568e2003a75bf9bc1d59f33a8e3fc893c|stable
swatinem-rust-cache@v2|https://github.com/Swatinem/rust-cache.git|9d47c6ad4b02e050fd481d890b2ea34778fd09d6|v2.7.8
docker-setup-qemu-action@v3|https://github.com/docker/setup-qemu-action.git|29109295f81e9208d7d86ff1c6c12d2833863392|v3.6.0
docker-bake-action@v6|https://github.com/docker/bake-action.git|3acf805d94d93a86cce4ca44798a76464a75b88c|v6.9.0
hashicorp-setup-terraform@v3|https://github.com/hashicorp/setup-terraform.git|b9cd54a3c349d3f38e8881555d616ced269862dd|v3.1.2
azure-setup-kubectl@v4|https://github.com/azure/setup-kubectl.git|776406bce94f63e41d621b960d78ee25c8b76ede|v4.0.1
azure-setup-helm@v4|https://github.com/azure/setup-helm.git|1a275c3b69536ee54be43f2070a358922e12c8d4|v4.3.1
sigstore-cosign-installer@v3|https://github.com/sigstore/cosign-installer.git|d58896d6a1865668819e1d91763c7751a165e159|v3.9.2
aquasecurity-trivy-action@0|https://github.com/aquasecurity/trivy-action.git|b6643a29fecd7f34b3597bc6acb0a98b03d33ff8|v0.33.1
anchore-sbom-action@v0|https://github.com/anchore/sbom-action.git|f8bdd1d8ac5e901a77a92f111440fdb1b593736b|v0.20.6

# Exact repositories exposed by https://ailab-git.zbxsoft.com/mirror.
# Keep v3 artifact Actions because the local xwkVue skill templates use them.
mirror-actions_cache@v4|https://github.com/actions/cache.git|0057852bfaa89a56745cba8c7296529d2fc39830|v4.3.0|mirror-actions_cache
mirror-actions_checkout@v4|https://github.com/actions/checkout.git|34e114876b0b11c390a56381ad16ebd13914f8d5|v4.3.1|mirror-actions_checkout
mirror-actions_download-artifact@v3|https://github.com/actions/download-artifact.git|9bc31d5ccc31df68ecc42ccf4149144866c47d8a|v3.0.2|mirror-actions_download-artifact
mirror-actions_download-artifact@v4|https://github.com/actions/download-artifact.git|d3f86a106a0bac45b974a628896c90dbdf5c8093|v4.3.0|mirror-actions_download-artifact
mirror-actions_setup-node@main|https://github.com/actions/setup-node.git|53b83947a5a98c8d113130e565377fae1a50d02f|v6.3.0|mirror-actions_setup-node
mirror-actions_upload-artifact@v3|https://github.com/actions/upload-artifact.git|ff15f0306b3f739f7b6fd43fb5d26cd321bd4de5|v3.2.1|mirror-actions_upload-artifact
mirror-actions_upload-artifact@v4|https://github.com/actions/upload-artifact.git|ea165f8d65b6e75b540449e92b4886f43607fa02|v4.6.2|mirror-actions_upload-artifact
mirror-docker_build-push-action@v6|https://github.com/docker/build-push-action.git|10e90e3645eae34f1e60eeb005ba3a3d33f178e8|v6.19.2|mirror-docker_build-push-action
mirror-docker_login-action@v3|https://github.com/docker/login-action.git|c94ce9fb468520275223c153574b00df6fe4bcc9|v3.7.0|mirror-docker_login-action
