# version|linux-amd64-sha256|linux-arm64-sha256
27.5.1|4f798b3ee1e0140eab5bf30b0edc4e84f4cdb53255a429dc3bbae9524845d640|e6b53725a73763ab3f988c73f8772eaed429754c1a579db5ff11f21990fd1817
28.5.2|ea90cfd12e1eeb12aa1c971741adb8bd4ed88e2a574eaac13f5029a1dbc6300d|9e4f82996ab790724094475ebed33a736434bfe5d45231b676fef22ffb80044d
29.7.2|803d433f226db4776e1768fd319fc6c6e4935a456acf84fcc0080818b854bc8f|43d143448adf2c2787704e7d7704fd6d62d367a54c5edaef0a3f75509cb0938d
